<Solution>
  <Folder Name="/src/">
    <Project Path="src/NotificationsAPI.Application/NotificationsAPI.Application.csproj" />
    <Project Path="src/NotificationsAPI.Domain/NotificationsAPI.Domain.csproj" />
    <Project Path="src/NotificationsAPI.Infrastructure/NotificationsAPI.Infrastructure.csproj" />
    <Project Path="src/NotificationsAPI/NotificationsAPI.csproj" />
  </Folder>
</Solution>
